
Microsoft Visual Studio Solution File, Format Version 12.00
# Visual Studio Version 16
VisualStudioVersion = 16.0.31205.134
MinimumVisualStudioVersion = 10.0.40219.1
Project("{FAE04EC0-301F-11D3-BF4B-00C04F79EFBC}") = "WebApplication3", "WebApplication3.csproj", "{FA2BF30E-9374-4CC2-BEA8-FCA4F6AC5844}"
EndProject
Global
	GlobalSection(SolutionConfigurationPlatforms) = preSolution
		Debug|Any CPU = Debug|Any CPU
		Release|Any CPU = Release|Any CPU
	EndGlobalSection
	GlobalSection(ProjectConfigurationPlatforms) = postSolution
		{FA2BF30E-9374-4CC2-BEA8-FCA4F6AC5844}.Debug|Any CPU.ActiveCfg = Debug|Any CPU
		{FA2BF30E-9374-4CC2-BEA8-FCA4F6AC5844}.Debug|Any CPU.Build.0 = Debug|Any CPU
		{FA2BF30E-9374-4CC2-BEA8-FCA4F6AC5844}.Release|Any CPU.ActiveCfg = Release|Any CPU
		{FA2BF30E-9374-4CC2-BEA8-FCA4F6AC5844}.Release|Any CPU.Build.0 = Release|Any CPU
	EndGlobalSection
	GlobalSection(SolutionProperties) = preSolution
		HideSolutionNode = FALSE
	EndGlobalSection
	GlobalSection(ExtensibilityGlobals) = postSolution
		SolutionGuid = {B7614A58-5563-4EDD-89FD-5ABB582FEC96}
	EndGlobalSection
EndGlobal
